// !$*UTF8*$!
{
	archiveVersion = 1;
	classes = {
	};
	objectVersion = 48;
	objects = {

/* Begin PBXBuildFile section */
		5C111B0E5E169785F6997A4A /* Pods_jukeboxStream.framework in Frameworks */ = {isa = PBXBuildFile; fileRef = 4D348EAB7CEAB57D3419341F /* Pods_jukeboxStream.framework */; };
		BF2E4FD61FA3BC8A00E5F1E0 /* Assets.xcassets in Resources */ = {isa = PBXBuildFile; fileRef = BF2E4FD51FA3BC8A00E5F1E0 /* Assets.xcassets */; };
		BFA050C71FA79DC800E47119 /* AlamofireImage.framework in Frameworks */ = {isa = PBXBuildFile; fileRef = BFA050C81FA79DC800E47119 /* AlamofireImage.framework */; };
		BFA050CA1FA7A24200E47119 /* CustomTableViewCell.swift in Sources */ = {isa = PBXBuildFile; fileRef = BFA050C91FA7A24200E47119 /* CustomTableViewCell.swift */; };
		BFABE78E1FA119CE009F87A3 /* AppDelegate.swift in Sources */ = {isa = PBXBuildFile; fileRef = BFABE78D1FA119CE009F87A3 /* AppDelegate.swift */; };
		BFABE7931FA119CE009F87A3 /* Main.storyboard in Resources */ = {isa = PBXBuildFile; fileRef = BFABE7911FA119CE009F87A3 /* Main.storyboard */; };
		BFABE7981FA119CE009F87A3 /* LaunchScreen.storyboard in Resources */ = {isa = PBXBuildFile; fileRef = BFABE7961FA119CE009F87A3 /* LaunchScreen.storyboard */; };
		BFABE7A31FA12190009F87A3 /* Alamofire.framework in Frameworks */ = {isa = PBXBuildFile; fileRef = BFABE7A41FA12190009F87A3 /* Alamofire.framework */; };
		BFC347951FAB957900A65F19 /* TableViewController.swift in Sources */ = {isa = PBXBuildFile; fileRef = BFC347941FAB957900A65F19 /* TableViewController.swift */; };
		BFC347971FAB962000A65F19 /* WebViewController.swift in Sources */ = {isa = PBXBuildFile; fileRef = BFC347961FAB962000A65F19 /* WebViewController.swift */; };
		BFEFB84A1FA1637400AB8EB1 /* SwiftyJSON.framework in Frameworks */ = {isa = PBXBuildFile; fileRef = BFEFB84B1FA1637400AB8EB1 /* SwiftyJSON.framework */; };
/* End PBXBuildFile section */

/* Begin PBXFileReference section */
		4D348EAB7CEAB57D3419341F /* Pods_jukeboxStream.framework */ = {isa = PBXFileReference; explicitFileType = wrapper.framework; includeInIndex = 0; path = Pods_jukeboxStream.framework; sourceTree = BUILT_PRODUCTS_DIR; };
		7A8C7F4A83F916C418B68AE7 /* Pods-jukeboxStream.release.xcconfig */ = {isa = PBXFileReference; includeInIndex = 1; lastKnownFileType = text.xcconfig; name = "Pods-jukeboxStream.release.xcconfig"; path = "Pods/Target Support Files/Pods-jukeboxStream/Pods-jukeboxStream.release.xcconfig"; sourceTree = "<group>"; };
		AC96C413FA13A65CC407BEB6 /* Pods-jukeboxStream.debug.xcconfig */ = {isa = PBXFileReference; includeInIndex = 1; lastKnownFileType = text.xcconfig; name = "Pods-jukeboxStream.debug.xcconfig"; path = "Pods/Target Support Files/Pods-jukeboxStream/Pods-jukeboxStream.debug.xcconfig"; sourceTree = "<group>"; };
		BF2E4FD51FA3BC8A00E5F1E0 /* Assets.xcassets */ = {isa = PBXFileReference; lastKnownFileType = folder.assetcatalog; path = Assets.xcassets; sourceTree = "<group>"; };
		BFA050C81FA79DC800E47119 /* AlamofireImage.framework */ = {isa = PBXFileReference; explicitFileType = wrapper.framework; path = AlamofireImage.framework; sourceTree = BUILT_PRODUCTS_DIR; };
		BFA050C91FA7A24200E47119 /* CustomTableViewCell.swift */ = {isa = PBXFileReference; lastKnownFileType = sourcecode.swift; path = CustomTableViewCell.swift; sourceTree = "<group>"; };
		BFABE78A1FA119CE009F87A3 /* jukeboxStream.app */ = {isa = PBXFileReference; explicitFileType = wrapper.application; includeInIndex = 0; path = jukeboxStream.app; sourceTree = BUILT_PRODUCTS_DIR; };
		BFABE78D1FA119CE009F87A3 /* AppDelegate.swift */ = {isa = PBXFileReference; lastKnownFileType = sourcecode.swift; path = AppDelegate.swift; sourceTree = "<group>"; };
		BFABE7921FA119CE009F87A3 /* Base */ = {isa = PBXFileReference; lastKnownFileType = file.storyboard; name = Base; path = Base.lproj/Main.storyboard; sourceTree = "<group>"; };
		BFABE7971FA119CE009F87A3 /* Base */ = {isa = PBXFileReference; lastKnownFileType = file.storyboard; name = Base; path = Base.lproj/LaunchScreen.storyboard; sourceTree = "<group>"; };
		BFABE7991FA119CE009F87A3 /* Info.plist */ = {isa = PBXFileReference; lastKnownFileType = text.plist.xml; path = Info.plist; sourceTree = "<group>"; };
		BFABE7A41FA12190009F87A3 /* Alamofire.framework */ = {isa = PBXFileReference; explicitFileType = wrapper.framework; path = Alamofire.framework; sourceTree = BUILT_PRODUCTS_DIR; };
		BFC347941FAB957900A65F19 /* TableViewController.swift */ = {isa = PBXFileReference; lastKnownFileType = sourcecode.swift; path = TableViewController.swift; sourceTree = "<group>"; };
		BFC347961FAB962000A65F19 /* WebViewController.swift */ = {isa = PBXFileReference; lastKnownFileType = sourcecode.swift; path = WebViewController.swift; sourceTree = "<group>"; };
		BFEFB84B1FA1637400AB8EB1 /* SwiftyJSON.framework */ = {isa = PBXFileReference; explicitFileType = wrapper.framework; path = SwiftyJSON.framework; sourceTree = BUILT_PRODUCTS_DIR; };
/* End PBXFileReference section */

/* Begin PBXFrameworksBuildPhase section */
		BFABE7871FA119CE009F87A3 /* Frameworks */ = {
			isa = PBXFrameworksBuildPhase;
			buildActionMask = 2147483647;
			files = (
				BFA050C71FA79DC800E47119 /* AlamofireImage.framework in Frameworks */,
				BFEFB84A1FA1637400AB8EB1 /* SwiftyJSON.framework in Frameworks */,
				BFABE7A31FA12190009F87A3 /* Alamofire.framework in Frameworks */,
				5C111B0E5E169785F6997A4A /* Pods_jukeboxStream.framework in Frameworks */,
			);
			runOnlyForDeploymentPostprocessing = 0;
		};
/* End PBXFrameworksBuildPhase section */

/* Begin PBXGroup section */
		0CE374AD3FDE3488522162CC /* Frameworks */ = {
			isa = PBXGroup;
			children = (
				BFA050C81FA79DC800E47119 /* AlamofireImage.framework */,
				BFEFB84B1FA1637400AB8EB1 /* SwiftyJSON.framework */,
				BFABE7A41FA12190009F87A3 /* Alamofire.framework */,
				4D348EAB7CEAB57D3419341F /* Pods_jukeboxStream.framework */,
			);
			name = Frameworks;
			sourceTree = "<group>";
		};
		BFABE7811FA119CE009F87A3 = {
			isa = PBXGroup;
			children = (
				BFABE78C1FA119CE009F87A3 /* jukeboxStream */,
				BFABE78B1FA119CE009F87A3 /* Products */,
				E349CA8CDF5E17DFAE3908A2 /* Pods */,
				0CE374AD3FDE3488522162CC /* Frameworks */,
			);
			sourceTree = "<group>";
		};
		BFABE78B1FA119CE009F87A3 /* Products */ = {
			isa = PBXGroup;
			children = (
				BFABE78A1FA119CE009F87A3 /* jukeboxStream.app */,
			);
			name = Products;
			sourceTree = "<group>";
		};
		BFABE78C1FA119CE009F87A3 /* jukeboxStream */ = {
			isa = PBXGroup;
			children = (
				BF2E4FD51FA3BC8A00E5F1E0 /* Assets.xcassets */,
				BFABE78D1FA119CE009F87A3 /* AppDelegate.swift */,
				BFABE7911FA119CE009F87A3 /* Main.storyboard */,
				BFC347961FAB962000A65F19 /* WebViewController.swift */,
				BFC347941FAB957900A65F19 /* TableViewController.swift */,
				BFA050C91FA7A24200E47119 /* CustomTableViewCell.swift */,
				BFABE7961FA119CE009F87A3 /* LaunchScreen.storyboard */,
				BFABE7991FA119CE009F87A3 /* Info.plist */,
			);
			path = jukeboxStream;
			sourceTree = "<group>";
		};
		E349CA8CDF5E17DFAE3908A2 /* Pods */ = {
			isa = PBXGroup;
			children = (
				AC96C413FA13A65CC407BEB6 /* Pods-jukeboxStream.debug.xcconfig */,
				7A8C7F4A83F916C418B68AE7 /* Pods-jukeboxStream.release.xcconfig */,
			);
			name = Pods;
			sourceTree = "<group>";
		};
/* End PBXGroup section */

/* Begin PBXNativeTarget section */
		BFABE7891FA119CE009F87A3 /* jukeboxStream */ = {
			isa = PBXNativeTarget;
			buildConfigurationList = BFABE79C1FA119CE009F87A3 /* Build configuration list for PBXNativeTarget "jukeboxStream" */;
			buildPhases = (
				16CA863D799E12949CC711FA /* [CP] Check Pods Manifest.lock */,
				BFABE7861FA119CE009F87A3 /* Sources */,
				BFABE7871FA119CE009F87A3 /* Frameworks */,
				BFABE7881FA119CE009F87A3 /* Resources */,
				C3C3D425C0F3A32B3DDC2338 /* [CP] Embed Pods Frameworks */,
				24FDDC030D095887BCAE508E /* [CP] Copy Pods Resources */,
			);
			buildRules = (
			);
			dependencies = (
			);
			name = jukeboxStream;
			productName = jukeboxStream;
			productReference = BFABE78A1FA119CE009F87A3 /* jukeboxStream.app */;
			productType = "com.apple.product-type.application";
		};
/* End PBXNativeTarget section */

/* Begin PBXProject section */
		BFABE7821FA119CE009F87A3 /* Project object */ = {
			isa = PBXProject;
			attributes = {
				LastSwiftUpdateCheck = 0900;
				LastUpgradeCheck = 0900;
				ORGANIZATIONNAME = "Chris Swinson";
				TargetAttributes = {
					BFABE7891FA119CE009F87A3 = {
						CreatedOnToolsVersion = 9.0.1;
						ProvisioningStyle = Automatic;
					};
				};
			};
			buildConfigurationList = BFABE7851FA119CE009F87A3 /* Build configuration list for PBXProject "jukeboxStream" */;
			compatibilityVersion = "Xcode 8.0";
			developmentRegion = en;
			hasScannedForEncodings = 0;
			knownRegions = (
				en,
				Base,
			);
			mainGroup = BFABE7811FA119CE009F87A3;
			productRefGroup = BFABE78B1FA119CE009F87A3 /* Products */;
			projectDirPath = "";
			projectRoot = "";
			targets = (
				BFABE7891FA119CE009F87A3 /* jukeboxStream */,
			);
		};
/* End PBXProject section */

/* Begin PBXResourcesBuildPhase section */
		BFABE7881FA119CE009F87A3 /* Resources */ = {
			isa = PBXResourcesBuildPhase;
			buildActionMask = 2147483647;
			files = (
				BFABE7981FA119CE009F87A3 /* LaunchScreen.storyboard in Resources */,
				BF2E4FD61FA3BC8A00E5F1E0 /* Assets.xcassets in Resources */,
				BFABE7931FA119CE009F87A3 /* Main.storyboard in Resources */,
			);
			runOnlyForDeploymentPostprocessing = 0;
		};
/* End PBXResourcesBuildPhase section */

/* Begin PBXShellScriptBuildPhase section */
		16CA863D799E12949CC711FA /* [CP] Check Pods Manifest.lock */ = {
			isa = PBXShellScriptBuildPhase;
			buildActionMask = 2147483647;
			files = (
			);
			inputPaths = (
				"${PODS_PODFILE_DIR_PATH}/Podfile.lock",
				"${PODS_ROOT}/Manifest.lock",
			);
			name = "[CP] Check Pods Manifest.lock";
			outputPaths = (
				"$(DERIVED_FILE_DIR)/Pods-jukeboxStream-checkManifestLockResult.txt",
			);
			runOnlyForDeploymentPostprocessing = 0;
			shellPath = /bin/sh;
			shellScript = "diff \"${PODS_PODFILE_DIR_PATH}/Podfile.lock\" \"${PODS_ROOT}/Manifest.lock\" > /dev/null\nif [ $? != 0 ] ; then\n    # print error to STDERR\n    echo \"error: The sandbox is not in sync with the Podfile.lock. Run 'pod install' or update your CocoaPods installation.\" >&2\n    exit 1\nfi\n# This output is used by Xcode 'outputs' to avoid re-running this script phase.\necho \"SUCCESS\" > \"${SCRIPT_OUTPUT_FILE_0}\"\n";
			showEnvVarsInLog = 0;
		};
		24FDDC030D095887BCAE508E /* [CP] Copy Pods Resources */ = {
			isa = PBXShellScriptBuildPhase;
			buildActionMask = 2147483647;
			files = (
			);
			inputPaths = (
			);
			name = "[CP] Copy Pods Resources";
			outputPaths = (
			);
			runOnlyForDeploymentPostprocessing = 0;
			shellPath = /bin/sh;
			shellScript = "\"${SRCROOT}/Pods/Target Support Files/Pods-jukeboxStream/Pods-jukeboxStream-resources.sh\"\n";
			showEnvVarsInLog = 0;
		};
		C3C3D425C0F3A32B3DDC2338 /* [CP] Embed Pods Frameworks */ = {
			isa = PBXShellScriptBuildPhase;
			buildActionMask = 2147483647;
			files = (
			);
			inputPaths = (
				"${SRCROOT}/Pods/Target Support Files/Pods-jukeboxStream/Pods-jukeboxStream-frameworks.sh",
				"${BUILT_PRODUCTS_DIR}/Alamofire/Alamofire.framework",
				"${BUILT_PRODUCTS_DIR}/AlamofireImage/AlamofireImage.framework",
				"${BUILT_PRODUCTS_DIR}/SwiftyJSON/SwiftyJSON.framework",
			);
			name = "[CP] Embed Pods Frameworks";
			outputPaths = (
				"${TARGET_BUILD_DIR}/${FRAMEWORKS_FOLDER_PATH}/Alamofire.framework",
				"${TARGET_BUILD_DIR}/${FRAMEWORKS_FOLDER_PATH}/AlamofireImage.framework",
				"${TARGET_BUILD_DIR}/${FRAMEWORKS_FOLDER_PATH}/SwiftyJSON.framework",
			);
			runOnlyForDeploymentPostprocessing = 0;
			shellPath = /bin/sh;
			shellScript = "\"${SRCROOT}/Pods/Target Support Files/Pods-jukeboxStream/Pods-jukeboxStream-frameworks.sh\"\n";
			showEnvVarsInLog = 0;
		};
/* End PBXShellScriptBuildPhase section */

/* Begin PBXSourcesBuildPhase section */
		BFABE7861FA119CE009F87A3 /* Sources */ = {
			isa = PBXSourcesBuildPhase;
			buildActionMask = 2147483647;
			files = (
				BFABE78E1FA119CE009F87A3 /* AppDelegate.swift in Sources */,
				BFC347951FAB957900A65F19 /* TableViewController.swift in Sources */,
				BFA050CA1FA7A24200E47119 /* CustomTableViewCell.swift in Sources */,
				BFC347971FAB962000A65F19 /* WebViewController.swift in Sources */,
			);
			runOnlyForDeploymentPostprocessing = 0;
		};
/* End PBXSourcesBuildPhase section */

/* Begin PBXVariantGroup section */
		BFABE7911FA119CE009F87A3 /* Main.storyboard */ = {
			isa = PBXVariantGroup;
			children = (
				BFABE7921FA119CE009F87A3 /* Base */,
			);
			name = Main.storyboard;
			sourceTree = "<group>";
		};
		BFABE7961FA119CE009F87A3 /* LaunchScreen.storyboard */ = {
			isa = PBXVariantGroup;
			children = (
				BFABE7971FA119CE009F87A3 /* Base */,
			);
			name = LaunchScreen.storyboard;
			sourceTree = "<group>";
		};
/* End PBXVariantGroup section */

/* Begin XCBuildConfiguration section */
		BFABE79A1FA119CE009F87A3 /* Debug */ = {
			isa = XCBuildConfiguration;
			buildSettings = {
				ALWAYS_SEARCH_USER_PATHS = NO;
				CLANG_ANALYZER_NONNULL = YES;
				CLANG_ANALYZER_NUMBER_OBJECT_CONVERSION = YES_AGGRESSIVE;
				CLANG_CXX_LANGUAGE_STANDARD = "gnu++14";
				CLANG_CXX_LIBRARY = "libc++";
				CLANG_ENABLE_MODULES = YES;
				CLANG_ENABLE_OBJC_ARC = YES;
				CLANG_WARN_BLOCK_CAPTURE_AUTORELEASING = YES;
				CLANG_WARN_BOOL_CONVERSION = YES;
				CLANG_WARN_COMMA = YES;
				CLANG_WARN_CONSTANT_CONVERSION = YES;
				CLANG_WARN_DIRECT_OBJC_ISA_USAGE = YES_ERROR;
				CLANG_WARN_DOCUMENTATION_COMMENTS = YES;
				CLANG_WARN_EMPTY_BODY = YES;
				CLANG_WARN_ENUM_CONVERSION = YES;
				CLANG_WARN_INFINITE_RECURSION = YES;
				CLANG_WARN_INT_CONVERSION = YES;
				CLANG_WARN_NON_LITERAL_NULL_CONVERSION = YES;
				CLANG_WARN_OBJC_LITERAL_CONVERSION = YES;
				CLANG_WARN_OBJC_ROOT_CLASS = YES_ERROR;
				CLANG_WARN_RANGE_LOOP_ANALYSIS = YES;
				CLANG_WARN_STRICT_PROTOTYPES = YES;
				CLANG_WARN_SUSPICIOUS_MOVE = YES;
				CLANG_WARN_UNGUARDED_AVAILABILITY = YES_AGGRESSIVE;
				CLANG_WARN_UNREACHABLE_CODE = YES;
				CLANG_WARN__DUPLICATE_METHOD_MATCH = YES;
				CODE_SIGN_IDENTITY = "iPhone Developer";
				COPY_PHASE_STRIP = NO;
				DEBUG_INFORMATION_FORMAT = dwarf;
				ENABLE_STRICT_OBJC_MSGSEND = YES;
				ENABLE_TESTABILITY = YES;
				GCC_C_LANGUAGE_STANDARD = gnu11;
				GCC_DYNAMIC_NO_PIC = NO;
				GCC_NO_COMMON_BLOCKS = YES;
				GCC_OPTIMIZATION_LEVEL = 0;
				GCC_PREPROCESSOR_DEFINITIONS = (
					"DEBUG=1",
					"$(inherited)",
				);
				GCC_WARN_64_TO_32_BIT_CONVERSION = YES;
				GCC_WARN_ABOUT_RETURN_TYPE = YES_ERROR;
				GCC_WARN_UNDECLARED_SELECTOR = YES;
				GCC_WARN_UNINITIALIZED_AUTOS = YES_AGGRESSIVE;
				GCC_WARN_UNUSED_FUNCTION = YES;
				GCC_WARN_UNUSED_VARIABLE = YES;
				IPHONEOS_DEPLOYMENT_TARGET = 11.0;
				MTL_ENABLE_DEBUG_INFO = YES;
				ONLY_ACTIVE_ARCH = YES;
				SDKROOT = iphoneos;
				SWIFT_ACTIVE_COMPILATION_CONDITIONS = DEBUG;
				SWIFT_OPTIMIZATION_LEVEL = "-Onone";
			};
			name = Debug;
		};
		BFABE79B1FA119CE009F87A3 /* Release */ = {
			isa = XCBuildConfiguration;
			buildSettings = {
				ALWAYS_SEARCH_USER_PATHS = NO;
				CLANG_ANALYZER_NONNULL = YES;
				CLANG_ANALYZER_NUMBER_OBJECT_CONVERSION = YES_AGGRESSIVE;
				CLANG_CXX_LANGUAGE_STANDARD = "gnu++14";
				CLANG_CXX_LIBRARY = "libc++";
				CLANG_ENABLE_MODULES = YES;
				CLANG_ENABLE_OBJC_ARC = YES;
				CLANG_WARN_BLOCK_CAPTURE_AUTORELEASING = YES;
				CLANG_WARN_BOOL_CONVERSION = YES;
				CLANG_WARN_COMMA = YES;
				CLANG_WARN_CONSTANT_CONVERSION = YES;
				CLANG_WARN_DIRECT_OBJC_ISA_USAGE = YES_ERROR;
				CLANG_WARN_DOCUMENTATION_COMMENTS = YES;
				CLANG_WARN_EMPTY_BODY = YES;
				CLANG_WARN_ENUM_CONVERSION = YES;
				CLANG_WARN_INFINITE_RECURSION = YES;
				CLANG_WARN_INT_CONVERSION = YES;
				CLANG_WARN_NON_LITERAL_NULL_CONVERSION = YES;
				CLANG_WARN_OBJC_LITERAL_CONVERSION = YES;
				CLANG_WARN_OBJC_ROOT_CLASS = YES_ERROR;
				CLANG_WARN_RANGE_LOOP_ANALYSIS = YES;
				CLANG_WARN_STRICT_PROTOTYPES = YES;
				CLANG_WARN_SUSPICIOUS_MOVE = YES;
				CLANG_WARN_UNGUARDED_AVAILABILITY = YES_AGGRESSIVE;
				CLANG_WARN_UNREACHABLE_CODE = YES;
				CLANG_WARN__DUPLICATE_METHOD_MATCH = YES;
				CODE_SIGN_IDENTITY = "iPhone Developer";
				COPY_PHASE_STRIP = NO;
				DEBUG_INFORMATION_FORMAT = "dwarf-with-dsym";
				ENABLE_NS_ASSERTIONS = NO;
				ENABLE_STRICT_OBJC_MSGSEND = YES;
				GCC_C_LANGUAGE_STANDARD = gnu11;
				GCC_NO_COMMON_BLOCKS = YES;
				GCC_WARN_64_TO_32_BIT_CONVERSION = YES;
				GCC_WARN_ABOUT_RETURN_TYPE = YES_ERROR;
				GCC_WARN_UNDECLARED_SELECTOR = YES;
				GCC_WARN_UNINITIALIZED_AUTOS = YES_AGGRESSIVE;
				GCC_WARN_UNUSED_FUNCTION = YES;
				GCC_WARN_UNUSED_VARIABLE = YES;
				IPHONEOS_DEPLOYMENT_TARGET = 11.0;
				MTL_ENABLE_DEBUG_INFO = NO;
				SDKROOT = iphoneos;
				SWIFT_OPTIMIZATION_LEVEL = "-Owholemodule";
				VALIDATE_PRODUCT = YES;
			};
			name = Release;
		};
		BFABE79D1FA119CE009F87A3 /* Debug */ = {
			isa = XCBuildConfiguration;
			baseConfigurationReference = AC96C413FA13A65CC407BEB6 /* Pods-jukeboxStream.debug.xcconfig */;
			buildSettings = {
				ASSETCATALOG_COMPILER_APPICON_NAME = AppIcon;
				CODE_SIGN_STYLE = Automatic;
				DEVELOPMENT_TEAM = RC5XN3J4ZP;
				INFOPLIST_FILE = jukeboxStream/Info.plist;
				LD_RUNPATH_SEARCH_PATHS = "$(inherited) @executable_path/Frameworks";
				PRODUCT_BUNDLE_IDENTIFIER = NMIX6310.jukeboxStream;
				PRODUCT_NAME = "$(TARGET_NAME)";
				SWIFT_VERSION = 4.0;
				TARGETED_DEVICE_FAMILY = "1,2";
			};
			name = Debug;
		};
		BFABE79E1FA119CE009F87A3 /* Release */ = {
			isa = XCBuildConfiguration;
			baseConfigurationReference = 7A8C7F4A83F916C418B68AE7 /* Pods-jukeboxStream.release.xcconfig */;
			buildSettings = {
				ASSETCATALOG_COMPILER_APPICON_NAME = AppIcon;
				CODE_SIGN_STYLE = Automatic;
				DEVELOPMENT_TEAM = RC5XN3J4ZP;
				INFOPLIST_FILE = jukeboxStream/Info.plist;
				LD_RUNPATH_SEARCH_PATHS = "$(inherited) @executable_path/Frameworks";
				PRODUCT_BUNDLE_IDENTIFIER = NMIX6310.jukeboxStream;
				PRODUCT_NAME = "$(TARGET_NAME)";
				SWIFT_VERSION = 4.0;
				TARGETED_DEVICE_FAMILY = "1,2";
			};
			name = Release;
		};
/* End XCBuildConfiguration section */

/* Begin XCConfigurationList section */
		BFABE7851FA119CE009F87A3 /* Build configuration list for PBXProject "jukeboxStream" */ = {
			isa = XCConfigurationList;
			buildConfigurations = (
				BFABE79A1FA119CE009F87A3 /* Debug */,
				BFABE79B1FA119CE009F87A3 /* Release */,
			);
			defaultConfigurationIsVisible = 0;
			defaultConfigurationName = Release;
		};
		BFABE79C1FA119CE009F87A3 /* Build configuration list for PBXNativeTarget "jukeboxStream" */ = {
			isa = XCConfigurationList;
			buildConfigurations = (
				BFABE79D1FA119CE009F87A3 /* Debug */,
				BFABE79E1FA119CE009F87A3 /* Release */,
			);
			defaultConfigurationIsVisible = 0;
			defaultConfigurationName = Release;
		};
/* End XCConfigurationList section */
	};
	rootObject = BFABE7821FA119CE009F87A3 /* Project object */;
}
